
Microsoft Visual Studio Solution File, Format Version 12.00
# Visual Studio Version 17
VisualStudioVersion = 17.11.35312.102
MinimumVisualStudioVersion = 10.0.40219.1
Project("{FAE04EC0-301F-11D3-BF4B-00C04F79EFBC}") = "Blake-Sorting-Algoritgims", "Blake-Sorting-Algoritgims\Blake-Sorting-Algoritgims.csproj", "{E8D766FC-0686-40ED-82EF-F9F654669A61}"
EndProject
Global
	GlobalSection(SolutionConfigurationPlatforms) = preSolution
		Debug|Any CPU = Debug|Any CPU
		Release|Any CPU = Release|Any CPU
	EndGlobalSection
	GlobalSection(ProjectConfigurationPlatforms) = postSolution
		{E8D766FC-0686-40ED-82EF-F9F654669A61}.Debug|Any CPU.ActiveCfg = Debug|Any CPU
		{E8D766FC-0686-40ED-82EF-F9F654669A61}.Debug|Any CPU.Build.0 = Debug|Any CPU
		{E8D766FC-0686-40ED-82EF-F9F654669A61}.Release|Any CPU.ActiveCfg = Release|Any CPU
		{E8D766FC-0686-40ED-82EF-F9F654669A61}.Release|Any CPU.Build.0 = Release|Any CPU
	EndGlobalSection
	GlobalSection(SolutionProperties) = preSolution
		HideSolutionNode = FALSE
	EndGlobalSection
	GlobalSection(ExtensibilityGlobals) = postSolution
		SolutionGuid = {EF9C96CD-9515-4385-A776-E0D5FE3C1B61}
	EndGlobalSection
EndGlobal
